
Microsoft Visual Studio Solution File, Format Version 12.00
# Visual Studio Version 16
VisualStudioVersion = 16.0.29326.143
MinimumVisualStudioVersion = 10.0.40219.1
Project("{9A19103F-16F7-4668-BE54-9A1E7A4F7556}") = "Test", "Test.csproj", "{8F5B0B16-23DB-4E33-8774-BA0027B2812B}"
EndProject
Project("{FAE04EC0-301F-11D3-BF4B-00C04F79EFBC}") = "Amazon", "..\Amazon\Amazon.csproj", "{C7680DA8-75D5-49F6-BC54-9F7C75E5BEBF}"
EndProject
Global
	GlobalSection(SolutionConfigurationPlatforms) = preSolution
		Debug|Any CPU = Debug|Any CPU
		Release|Any CPU = Release|Any CPU
	EndGlobalSection
	GlobalSection(ProjectConfigurationPlatforms) = postSolution
		{8F5B0B16-23DB-4E33-8774-BA0027B2812B}.Debug|Any CPU.ActiveCfg = Debug|Any CPU
		{8F5B0B16-23DB-4E33-8774-BA0027B2812B}.Debug|Any CPU.Build.0 = Debug|Any CPU
		{8F5B0B16-23DB-4E33-8774-BA0027B2812B}.Release|Any CPU.ActiveCfg = Release|Any CPU
		{8F5B0B16-23DB-4E33-8774-BA0027B2812B}.Release|Any CPU.Build.0 = Release|Any CPU
		{C7680DA8-75D5-49F6-BC54-9F7C75E5BEBF}.Debug|Any CPU.ActiveCfg = Debug|Any CPU
		{C7680DA8-75D5-49F6-BC54-9F7C75E5BEBF}.Debug|Any CPU.Build.0 = Debug|Any CPU
		{C7680DA8-75D5-49F6-BC54-9F7C75E5BEBF}.Release|Any CPU.ActiveCfg = Release|Any CPU
		{C7680DA8-75D5-49F6-BC54-9F7C75E5BEBF}.Release|Any CPU.Build.0 = Release|Any CPU
	EndGlobalSection
	GlobalSection(SolutionProperties) = preSolution
		HideSolutionNode = FALSE
	EndGlobalSection
	GlobalSection(ExtensibilityGlobals) = postSolution
		SolutionGuid = {1EB7FA88-EECA-4FA4-835C-03D8223A0854}
	EndGlobalSection
EndGlobal
